
Microsoft Visual Studio Solution File, Format Version 12.00
# Visual Studio Version 16
VisualStudioVersion = 16.0.29123.89
MinimumVisualStudioVersion = 10.0.40219.1
Project("{FAE04EC0-301F-11D3-BF4B-00C04F79EFBC}") = "MyVet.Common", "MyVet.Common\MyVet.Common.csproj", "{C3010C20-85D9-463C-80A4-F17A514E6B04}"
EndProject
Project("{FAE04EC0-301F-11D3-BF4B-00C04F79EFBC}") = "MyVet.Web", "MyVet.Web\MyVet.Web.csproj", "{E739BFFA-0B7F-4779-8E19-7A2E2B9200BE}"
EndProject
Global
	GlobalSection(SolutionConfigurationPlatforms) = preSolution
		Debug|Any CPU = Debug|Any CPU
		Release|Any CPU = Release|Any CPU
	EndGlobalSection
	GlobalSection(ProjectConfigurationPlatforms) = postSolution
		{C3010C20-85D9-463C-80A4-F17A514E6B04}.Debug|Any CPU.ActiveCfg = Debug|Any CPU
		{C3010C20-85D9-463C-80A4-F17A514E6B04}.Debug|Any CPU.Build.0 = Debug|Any CPU
		{C3010C20-85D9-463C-80A4-F17A514E6B04}.Release|Any CPU.ActiveCfg = Release|Any CPU
		{C3010C20-85D9-463C-80A4-F17A514E6B04}.Release|Any CPU.Build.0 = Release|Any CPU
		{E739BFFA-0B7F-4779-8E19-7A2E2B9200BE}.Debug|Any CPU.ActiveCfg = Debug|Any CPU
		{E739BFFA-0B7F-4779-8E19-7A2E2B9200BE}.Debug|Any CPU.Build.0 = Debug|Any CPU
		{E739BFFA-0B7F-4779-8E19-7A2E2B9200BE}.Release|Any CPU.ActiveCfg = Release|Any CPU
		{E739BFFA-0B7F-4779-8E19-7A2E2B9200BE}.Release|Any CPU.Build.0 = Release|Any CPU
	EndGlobalSection
	GlobalSection(SolutionProperties) = preSolution
		HideSolutionNode = FALSE
	EndGlobalSection
	GlobalSection(ExtensibilityGlobals) = postSolution
		SolutionGuid = {A6199725-90CE-4C37-A8F3-4453B437B1F7}
	EndGlobalSection
EndGlobal
